
Microsoft Visual Studio Solution File, Format Version 12.00
# Visual Studio 15
VisualStudioVersion = 15.0.28307.102
MinimumVisualStudioVersion = 10.0.40219.1
Project("{FAE04EC0-301F-11D3-BF4B-00C04F79EFBC}") = "Epam.Task2.Triangle", "Epam.Task2.Triangle\Epam.Task2.Triangle.csproj", "{69225008-95EB-4BC6-9670-1058E8A4A49B}"
EndProject
Project("{FAE04EC0-301F-11D3-BF4B-00C04F79EFBC}") = "Epam.Task2.Another_Triangle", "Epam.Task2.Another_Triangle\Epam.Task2.Another_Triangle.csproj", "{DF803A45-47E0-449C-8988-DEC147CE03F2}"
EndProject
Project("{FAE04EC0-301F-11D3-BF4B-00C04F79EFBC}") = "Epam.Task2.X-Mas_Tree", "Epam.Task2.X-Mas_Tree\Epam.Task2.X-Mas_Tree.csproj", "{3DF94BAC-4F6C-4245-9CCB-CA497768849F}"
EndProject
Project("{FAE04EC0-301F-11D3-BF4B-00C04F79EFBC}") = "Epam.Task2.SumOfNumbers", "Epam.Task2.SumOfNumbers\Epam.Task2.SumOfNumbers.csproj", "{1079CAE9-D1CD-40F6-9580-7109BE00D364}"
EndProject
Project("{FAE04EC0-301F-11D3-BF4B-00C04F79EFBC}") = "Epam.Task2.FontAdjustment", "Epam.Task2.FontAdjustment\Epam.Task2.FontAdjustment.csproj", "{09DD4BDB-9AC5-430D-92D2-8E8463C76628}"
EndProject
Project("{FAE04EC0-301F-11D3-BF4B-00C04F79EFBC}") = "Epam.Task2.ArrayProcessing", "Epam.Task2.ArrayProcessing\Epam.Task2.ArrayProcessing.csproj", "{D17608FC-AFDF-4F91-A7B1-898B895F3A98}"
EndProject
Project("{FAE04EC0-301F-11D3-BF4B-00C04F79EFBC}") = "Epam.Task2.NoPositive", "Epam.Task2.NoPositive\Epam.Task2.NoPositive.csproj", "{B5452CF8-8359-43D7-A397-0CC13ADCB074}"
EndProject
Project("{FAE04EC0-301F-11D3-BF4B-00C04F79EFBC}") = "Epam.Task2.NonNegativeSum", "Epam.Task2.NonNegativeSum\Epam.Task2.NonNegativeSum.csproj", "{50914462-E726-43AE-BDB3-565EDC5A4762}"
EndProject
Project("{FAE04EC0-301F-11D3-BF4B-00C04F79EFBC}") = "Epam.Task2.Rectangle", "Epam.Task2.Rectangle\Epam.Task2.Rectangle.csproj", "{69A1B45E-3822-45F4-B52A-86FDE9F3F818}"
EndProject
Global
	GlobalSection(SolutionConfigurationPlatforms) = preSolution
		Debug|Any CPU = Debug|Any CPU
		Release|Any CPU = Release|Any CPU
	EndGlobalSection
	GlobalSection(ProjectConfigurationPlatforms) = postSolution
		{69225008-95EB-4BC6-9670-1058E8A4A49B}.Debug|Any CPU.ActiveCfg = Debug|Any CPU
		{69225008-95EB-4BC6-9670-1058E8A4A49B}.Debug|Any CPU.Build.0 = Debug|Any CPU
		{69225008-95EB-4BC6-9670-1058E8A4A49B}.Release|Any CPU.ActiveCfg = Release|Any CPU
		{69225008-95EB-4BC6-9670-1058E8A4A49B}.Release|Any CPU.Build.0 = Release|Any CPU
		{DF803A45-47E0-449C-8988-DEC147CE03F2}.Debug|Any CPU.ActiveCfg = Debug|Any CPU
		{DF803A45-47E0-449C-8988-DEC147CE03F2}.Debug|Any CPU.Build.0 = Debug|Any CPU
		{DF803A45-47E0-449C-8988-DEC147CE03F2}.Release|Any CPU.ActiveCfg = Release|Any CPU
		{DF803A45-47E0-449C-8988-DEC147CE03F2}.Release|Any CPU.Build.0 = Release|Any CPU
		{3DF94BAC-4F6C-4245-9CCB-CA497768849F}.Debug|Any CPU.ActiveCfg = Debug|Any CPU
		{3DF94BAC-4F6C-4245-9CCB-CA497768849F}.Debug|Any CPU.Build.0 = Debug|Any CPU
		{3DF94BAC-4F6C-4245-9CCB-CA497768849F}.Release|Any CPU.ActiveCfg = Release|Any CPU
		{3DF94BAC-4F6C-4245-9CCB-CA497768849F}.Release|Any CPU.Build.0 = Release|Any CPU
		{1079CAE9-D1CD-40F6-9580-7109BE00D364}.Debug|Any CPU.ActiveCfg = Debug|Any CPU
		{1079CAE9-D1CD-40F6-9580-7109BE00D364}.Debug|Any CPU.Build.0 = Debug|Any CPU
		{1079CAE9-D1CD-40F6-9580-7109BE00D364}.Release|Any CPU.ActiveCfg = Release|Any CPU
		{1079CAE9-D1CD-40F6-9580-7109BE00D364}.Release|Any CPU.Build.0 = Release|Any CPU
		{09DD4BDB-9AC5-430D-92D2-8E8463C76628}.Debug|Any CPU.ActiveCfg = Debug|Any CPU
		{09DD4BDB-9AC5-430D-92D2-8E8463C76628}.Debug|Any CPU.Build.0 = Debug|Any CPU
		{09DD4BDB-9AC5-430D-92D2-8E8463C76628}.Release|Any CPU.ActiveCfg = Release|Any CPU
		{09DD4BDB-9AC5-430D-92D2-8E8463C76628}.Release|Any CPU.Build.0 = Release|Any CPU
		{D17608FC-AFDF-4F91-A7B1-898B895F3A98}.Debug|Any CPU.ActiveCfg = Debug|Any CPU
		{D17608FC-AFDF-4F91-A7B1-898B895F3A98}.Debug|Any CPU.Build.0 = Debug|Any CPU
		{D17608FC-AFDF-4F91-A7B1-898B895F3A98}.Release|Any CPU.ActiveCfg = Release|Any CPU
		{D17608FC-AFDF-4F91-A7B1-898B895F3A98}.Release|Any CPU.Build.0 = Release|Any CPU
		{B5452CF8-8359-43D7-A397-0CC13ADCB074}.Debug|Any CPU.ActiveCfg = Debug|Any CPU
		{B5452CF8-8359-43D7-A397-0CC13ADCB074}.Debug|Any CPU.Build.0 = Debug|Any CPU
		{B5452CF8-8359-43D7-A397-0CC13ADCB074}.Release|Any CPU.ActiveCfg = Release|Any CPU
		{B5452CF8-8359-43D7-A397-0CC13ADCB074}.Release|Any CPU.Build.0 = Release|Any CPU
		{50914462-E726-43AE-BDB3-565EDC5A4762}.Debug|Any CPU.ActiveCfg = Debug|Any CPU
		{50914462-E726-43AE-BDB3-565EDC5A4762}.Debug|Any CPU.Build.0 = Debug|Any CPU
		{50914462-E726-43AE-BDB3-565EDC5A4762}.Release|Any CPU.ActiveCfg = Release|Any CPU
		{50914462-E726-43AE-BDB3-565EDC5A4762}.Release|Any CPU.Build.0 = Release|Any CPU
		{69A1B45E-3822-45F4-B52A-86FDE9F3F818}.Debug|Any CPU.ActiveCfg = Debug|Any CPU
		{69A1B45E-3822-45F4-B52A-86FDE9F3F818}.Debug|Any CPU.Build.0 = Debug|Any CPU
		{69A1B45E-3822-45F4-B52A-86FDE9F3F818}.Release|Any CPU.ActiveCfg = Release|Any CPU
		{69A1B45E-3822-45F4-B52A-86FDE9F3F818}.Release|Any CPU.Build.0 = Release|Any CPU
	EndGlobalSection
	GlobalSection(SolutionProperties) = preSolution
		HideSolutionNode = FALSE
	EndGlobalSection
	GlobalSection(ExtensibilityGlobals) = postSolution
		SolutionGuid = {3217B42C-2C5A-454C-9CF8-1B2CB76F508B}
	EndGlobalSection
EndGlobal
