
Microsoft Visual Studio Solution File, Format Version 12.00
# Visual Studio 15
VisualStudioVersion = 15.0.28307.102
MinimumVisualStudioVersion = 10.0.40219.1
Project("{FAE04EC0-301F-11D3-BF4B-00C04F79EFBC}") = "Epam.Task8.DateExist", "Epam.Task8.DateExist\Epam.Task8.DateExist.csproj", "{DA0BC296-CD63-44CC-92C3-B3CAC90C5FBE}"
EndProject
Project("{FAE04EC0-301F-11D3-BF4B-00C04F79EFBC}") = "Epam.Task8.HTMLReplacer", "Epam.Task8.HTMLReplacer\Epam.Task8.HTMLReplacer.csproj", "{B0DBD8A0-4800-4030-8568-34D663CC67FE}"
EndProject
Project("{FAE04EC0-301F-11D3-BF4B-00C04F79EFBC}") = "Epam.Task8.EmailFinder", "Epam.Task8.EmailFinder\Epam.Task8.EmailFinder.csproj", "{7B2AD392-CE79-45B1-959C-1BB75A25C459}"
EndProject
Project("{FAE04EC0-301F-11D3-BF4B-00C04F79EFBC}") = "Epam.Task8.NumberValidator", "Epam.Task8.NumberValidator\Epam.Task8.NumberValidator.csproj", "{950D1FDE-D10E-4C0D-B671-E1EE9C8C8DF5}"
EndProject
Project("{FAE04EC0-301F-11D3-BF4B-00C04F79EFBC}") = "Epam.Task8.TimaCounter", "Epam.Task8.TimaCounter\Epam.Task8.TimaCounter.csproj", "{C0903D36-58BF-43AB-820E-B4FA17B6323F}"
EndProject
Global
	GlobalSection(SolutionConfigurationPlatforms) = preSolution
		Debug|Any CPU = Debug|Any CPU
		Release|Any CPU = Release|Any CPU
	EndGlobalSection
	GlobalSection(ProjectConfigurationPlatforms) = postSolution
		{DA0BC296-CD63-44CC-92C3-B3CAC90C5FBE}.Debug|Any CPU.ActiveCfg = Debug|Any CPU
		{DA0BC296-CD63-44CC-92C3-B3CAC90C5FBE}.Debug|Any CPU.Build.0 = Debug|Any CPU
		{DA0BC296-CD63-44CC-92C3-B3CAC90C5FBE}.Release|Any CPU.ActiveCfg = Release|Any CPU
		{DA0BC296-CD63-44CC-92C3-B3CAC90C5FBE}.Release|Any CPU.Build.0 = Release|Any CPU
		{B0DBD8A0-4800-4030-8568-34D663CC67FE}.Debug|Any CPU.ActiveCfg = Debug|Any CPU
		{B0DBD8A0-4800-4030-8568-34D663CC67FE}.Debug|Any CPU.Build.0 = Debug|Any CPU
		{B0DBD8A0-4800-4030-8568-34D663CC67FE}.Release|Any CPU.ActiveCfg = Release|Any CPU
		{B0DBD8A0-4800-4030-8568-34D663CC67FE}.Release|Any CPU.Build.0 = Release|Any CPU
		{7B2AD392-CE79-45B1-959C-1BB75A25C459}.Debug|Any CPU.ActiveCfg = Debug|Any CPU
		{7B2AD392-CE79-45B1-959C-1BB75A25C459}.Debug|Any CPU.Build.0 = Debug|Any CPU
		{7B2AD392-CE79-45B1-959C-1BB75A25C459}.Release|Any CPU.ActiveCfg = Release|Any CPU
		{7B2AD392-CE79-45B1-959C-1BB75A25C459}.Release|Any CPU.Build.0 = Release|Any CPU
		{950D1FDE-D10E-4C0D-B671-E1EE9C8C8DF5}.Debug|Any CPU.ActiveCfg = Debug|Any CPU
		{950D1FDE-D10E-4C0D-B671-E1EE9C8C8DF5}.Debug|Any CPU.Build.0 = Debug|Any CPU
		{950D1FDE-D10E-4C0D-B671-E1EE9C8C8DF5}.Release|Any CPU.ActiveCfg = Release|Any CPU
		{950D1FDE-D10E-4C0D-B671-E1EE9C8C8DF5}.Release|Any CPU.Build.0 = Release|Any CPU
		{C0903D36-58BF-43AB-820E-B4FA17B6323F}.Debug|Any CPU.ActiveCfg = Debug|Any CPU
		{C0903D36-58BF-43AB-820E-B4FA17B6323F}.Debug|Any CPU.Build.0 = Debug|Any CPU
		{C0903D36-58BF-43AB-820E-B4FA17B6323F}.Release|Any CPU.ActiveCfg = Release|Any CPU
		{C0903D36-58BF-43AB-820E-B4FA17B6323F}.Release|Any CPU.Build.0 = Release|Any CPU
	EndGlobalSection
	GlobalSection(SolutionProperties) = preSolution
		HideSolutionNode = FALSE
	EndGlobalSection
	GlobalSection(ExtensibilityGlobals) = postSolution
		SolutionGuid = {CB2955B0-8F77-462F-A8A8-DB7F33F68736}
	EndGlobalSection
EndGlobal
